<?xml version="1.0" encoding="utf-8"?>
<Project ToolsVersion="4.0" xmlns="http://schemas.microsoft.com/developer/msbuild/2003">
  <ItemGroup>
    <ClCompile Include="BattleEffectExecutor.cpp" />
	<ClCompile Include="BattleMapData.cpp" />
    <ClCompile Include="BattleSkillExecutionService.cpp" />
    <ClCompile Include="BattleSkillResolver.cpp" />
	<ClCompile Include="BattleZocService.cpp" />
	<ClCompile Include="BattleSpatialService.cpp" />
	<ClCompile Include="BattleDisplacementService.cpp" />
	<ClCompile Include="BattleTurnService.cpp" />
	<ClCompile Include="BattleMovementService.cpp" />
	<ClCompile Include="Alen.cpp" />
	<ClCompile Include="AlenShield.cpp">
	  <Filter>Pawn</Filter>
	</ClCompile>
	<ClCompile Include="AlenSpear.cpp" />
	<ClCompile Include="Zillian.cpp" />
	<ClCompile Include="ZillianLongbow.cpp" />
	<ClCompile Include="ZillianMace.cpp">
	  <Filter>Pawn</Filter>
	</ClCompile>
    <ClCompile Include="BattleTemplateManager.cpp" />
    <ClCompile Include="BattleRoom.cpp" />
    <ClCompile Include="Creature.cpp" />
    <ClCompile Include="Enum.pb.cc" />
    <ClCompile Include="FieldWalkMapData.cpp" />
	<ClCompile Include="VillageDataManager.cpp" />
    <ClCompile Include="GameServer.cpp" />
    <ClCompile Include="GameSession.cpp" />
    <ClCompile Include="GameSessionManager.cpp" />
    <ClCompile Include="Monster.cpp" />
    <ClCompile Include="Object.cpp" />
    <ClCompile Include="ObjectUtils.cpp" />
    <ClCompile Include="Pawn.cpp" />
    <ClCompile Include="pch.cpp" />
    <ClCompile Include="Player.cpp" />
    <ClCompile Include="Protocol.pb.cc" />
    <ClCompile Include="Room.cpp" />
    <ClCompile Include="ServerPacketHandler.cpp" />
    <ClCompile Include="Struct.pb.cc" />
    <ClCompile Include="Utils.cpp" />
    <ClCompile Include="BeigeIce.cpp">
      <Filter>Pawn</Filter>
    </ClCompile>
    <ClCompile Include="BeigeFire.cpp">
      <Filter>Pawn</Filter>
    </ClCompile>
    <ClCompile Include="Beige.cpp">
      <Filter>Pawn</Filter>
    </ClCompile>
    <ClCompile Include="Suen.cpp">
      <Filter>Pawn</Filter>
    </ClCompile>
    <ClCompile Include="SuenAxe.cpp">
      <Filter>Pawn</Filter>
    </ClCompile>
    <ClCompile Include="SuenParvis.cpp">
      <Filter>Pawn</Filter>
    </ClCompile>
    <ClCompile Include="BattlePawn.cpp">
      <Filter>Pawn</Filter>
    </ClCompile>
  </ItemGroup>
  <ItemGroup>
	<ClInclude Include="BattleEffectExecutor.h" />
	<ClInclude Include="BattleMapData.h" />
	<ClInclude Include="Alen.h" />
	<ClInclude Include="AlenShield.h">
	  <Filter>Pawn</Filter>
	</ClInclude>
	<ClInclude Include="AlenSpear.h" />
	<ClInclude Include="Zillian.h" />
	<ClInclude Include="ZillianLongbow.h" />
	<ClInclude Include="ZillianMace.h">
	  <Filter>Pawn</Filter>
	</ClInclude>
    <ClInclude Include="BattleSkillExecutionService.h" />
    <ClInclude Include="BattleSkillResolver.h" />
    <ClInclude Include="BattleZocService.h" />
	<ClInclude Include="BattleSpatialService.h" />
	<ClInclude Include="BattleDisplacementService.h" />
	<ClInclude Include="BattleTurnService.h" />
	<ClInclude Include="BattleMovementService.h" />
	<ClInclude Include="BattleRules.h" />
    <ClInclude Include="BattleTemplateManager.h" />
    <ClInclude Include="BattleRoom.h" />
    <ClInclude Include="Creature.h" />
    <ClInclude Include="Enum.pb.h" />
    <ClInclude Include="FieldWalkMapData.h" />
	<ClInclude Include="VillageDataManager.h" />
    <ClInclude Include="GameSession.h" />
    <ClInclude Include="GameSessionManager.h" />
    <ClInclude Include="Monster.h" />
    <ClInclude Include="Object.h" />
    <ClInclude Include="ObjectUtils.h" />
    <ClInclude Include="Pawn.h" />
    <ClInclude Include="pch.h" />
    <ClInclude Include="Player.h" />
    <ClInclude Include="Protocol.pb.h" />
    <ClInclude Include="Room.h" />
    <ClInclude Include="ServerPacketHandler.h" />
    <ClInclude Include="Struct.pb.h" />
    <ClInclude Include="Utils.h" />
    <ClInclude Include="BeigeIce.h">
      <Filter>Pawn</Filter>
    </ClInclude>
    <ClInclude Include="BeigeFire.h">
      <Filter>Pawn</Filter>
    </ClInclude>
    <ClInclude Include="Beige.h">
      <Filter>Pawn</Filter>
    </ClInclude>
    <ClInclude Include="Suen.h">
      <Filter>Pawn</Filter>
    </ClInclude>
    <ClInclude Include="SuenAxe.h">
      <Filter>Pawn</Filter>
    </ClInclude>
    <ClInclude Include="SuenParvis.h">
      <Filter>Pawn</Filter>
    </ClInclude>
    <ClInclude Include="BattlePawn.h">
      <Filter>Pawn</Filter>
    </ClInclude>
  </ItemGroup>
  <ItemGroup>
    <None Include="..\Common\protoc-21.12-win64\bin\Enum.proto" />
    <None Include="..\Common\protoc-21.12-win64\bin\GenPackets.bat" />
    <None Include="..\Common\protoc-21.12-win64\bin\Protocol.proto" />
    <None Include="..\Common\protoc-21.12-win64\bin\Struct.proto" />
  </ItemGroup>
  <ItemGroup>
    <Filter Include="Pawn">
      <UniqueIdentifier>{3d8fbdf7-1139-4d1d-8d0d-8fd1028a916e}</UniqueIdentifier>
    </Filter>
  </ItemGroup>
</Project>
